
Microsoft Visual Studio Solution File, Format Version 12.00
# Visual Studio Version 17
VisualStudioVersion = 17.8.34330.188
MinimumVisualStudioVersion = 10.0.40219.1
Project("{FAE04EC0-301F-11D3-BF4B-00C04F79EFBC}") = "ativ21", "ativ21\ativ21.csproj", "{505074D1-37BD-4091-8BD0-CA6BDE54DADD}"
EndProject
Global
	GlobalSection(SolutionConfigurationPlatforms) = preSolution
		Debug|Any CPU = Debug|Any CPU
		Release|Any CPU = Release|Any CPU
	EndGlobalSection
	GlobalSection(ProjectConfigurationPlatforms) = postSolution
		{505074D1-37BD-4091-8BD0-CA6BDE54DADD}.Debug|Any CPU.ActiveCfg = Debug|Any CPU
		{505074D1-37BD-4091-8BD0-CA6BDE54DADD}.Debug|Any CPU.Build.0 = Debug|Any CPU
		{505074D1-37BD-4091-8BD0-CA6BDE54DADD}.Release|Any CPU.ActiveCfg = Release|Any CPU
		{505074D1-37BD-4091-8BD0-CA6BDE54DADD}.Release|Any CPU.Build.0 = Release|Any CPU
	EndGlobalSection
	GlobalSection(SolutionProperties) = preSolution
		HideSolutionNode = FALSE
	EndGlobalSection
	GlobalSection(ExtensibilityGlobals) = postSolution
		SolutionGuid = {FABC51A2-3E47-42EA-917C-9D8A9CEA2497}
	EndGlobalSection
EndGlobal
